// !$*UTF8*$!
{
	archiveVersion = 1;
	classes = {
	};
	objectVersion = 50;
	objects = {

/* Begin PBXBuildFile section */
		141CFBC42260B967004D6D12 /* AppDelegate.swift in Sources */ = {isa = PBXBuildFile; fileRef = 141CFBC32260B967004D6D12 /* AppDelegate.swift */; };
		141CFBC62260B967004D6D12 /* ViewController.swift in Sources */ = {isa = PBXBuildFile; fileRef = 141CFBC52260B967004D6D12 /* ViewController.swift */; };
		141CFBC92260B967004D6D12 /* Main.storyboard in Resources */ = {isa = PBXBuildFile; fileRef = 141CFBC72260B967004D6D12 /* Main.storyboard */; };
		141CFBCB2260B96B004D6D12 /* Assets.xcassets in Resources */ = {isa = PBXBuildFile; fileRef = 141CFBCA2260B96B004D6D12 /* Assets.xcassets */; };
		141CFBCE2260B96B004D6D12 /* LaunchScreen.storyboard in Resources */ = {isa = PBXBuildFile; fileRef = 141CFBCC2260B96B004D6D12 /* LaunchScreen.storyboard */; };
		141CFBD82260BB63004D6D12 /* tail.png in Resources */ = {isa = PBXBuildFile; fileRef = 141CFBD62260BB63004D6D12 /* tail.png */; };
		141CFBD92260BB63004D6D12 /* bar.png in Resources */ = {isa = PBXBuildFile; fileRef = 141CFBD72260BB63004D6D12 /* bar.png */; };
		141CFBDB2260BE25004D6D12 /* GameViewController.swift in Sources */ = {isa = PBXBuildFile; fileRef = 141CFBDA2260BE25004D6D12 /* GameViewController.swift */; };
		141CFBDD2260BE6C004D6D12 /* RankingViewController.swift in Sources */ = {isa = PBXBuildFile; fileRef = 141CFBDC2260BE6C004D6D12 /* RankingViewController.swift */; };
/* End PBXBuildFile section */

/* Begin PBXFileReference section */
		141CFBC02260B967004D6D12 /* BarabaraGame.app */ = {isa = PBXFileReference; explicitFileType = wrapper.application; includeInIndex = 0; path = BarabaraGame.app; sourceTree = BUILT_PRODUCTS_DIR; };
		141CFBC32260B967004D6D12 /* AppDelegate.swift */ = {isa = PBXFileReference; lastKnownFileType = sourcecode.swift; path = AppDelegate.swift; sourceTree = "<group>"; };
		141CFBC52260B967004D6D12 /* ViewController.swift */ = {isa = PBXFileReference; lastKnownFileType = sourcecode.swift; path = ViewController.swift; sourceTree = "<group>"; };
		141CFBC82260B967004D6D12 /* Base */ = {isa = PBXFileReference; lastKnownFileType = file.storyboard; name = Base; path = Base.lproj/Main.storyboard; sourceTree = "<group>"; };
		141CFBCA2260B96B004D6D12 /* Assets.xcassets */ = {isa = PBXFileReference; lastKnownFileType = folder.assetcatalog; path = Assets.xcassets; sourceTree = "<group>"; };
		141CFBCD2260B96B004D6D12 /* Base */ = {isa = PBXFileReference; lastKnownFileType = file.storyboard; name = Base; path = Base.lproj/LaunchScreen.storyboard; sourceTree = "<group>"; };
		141CFBCF2260B96B004D6D12 /* Info.plist */ = {isa = PBXFileReference; lastKnownFileType = text.plist.xml; path = Info.plist; sourceTree = "<group>"; };
		141CFBD62260BB63004D6D12 /* tail.png */ = {isa = PBXFileReference; lastKnownFileType = image.png; path = tail.png; sourceTree = "<group>"; };
		141CFBD72260BB63004D6D12 /* bar.png */ = {isa = PBXFileReference; lastKnownFileType = image.png; path = bar.png; sourceTree = "<group>"; };
		141CFBDA2260BE25004D6D12 /* GameViewController.swift */ = {isa = PBXFileReference; lastKnownFileType = sourcecode.swift; path = GameViewController.swift; sourceTree = "<group>"; };
		141CFBDC2260BE6C004D6D12 /* RankingViewController.swift */ = {isa = PBXFileReference; lastKnownFileType = sourcecode.swift; path = RankingViewController.swift; sourceTree = "<group>"; };
/* End PBXFileReference section */

/* Begin PBXFrameworksBuildPhase section */
		141CFBBD2260B967004D6D12 /* Frameworks */ = {
			isa = PBXFrameworksBuildPhase;
			buildActionMask = 2147483647;
			files = (
			);
			runOnlyForDeploymentPostprocessing = 0;
		};
/* End PBXFrameworksBuildPhase section */

/* Begin PBXGroup section */
		141CFBB72260B967004D6D12 = {
			isa = PBXGroup;
			children = (
				141CFBDC2260BE6C004D6D12 /* RankingViewController.swift */,
				141CFBDA2260BE25004D6D12 /* GameViewController.swift */,
				141CFBC22260B967004D6D12 /* BarabaraGame */,
				141CFBC12260B967004D6D12 /* Products */,
			);
			sourceTree = "<group>";
		};
		141CFBC12260B967004D6D12 /* Products */ = {
			isa = PBXGroup;
			children = (
				141CFBC02260B967004D6D12 /* BarabaraGame.app */,
			);
			name = Products;
			sourceTree = "<group>";
		};
		141CFBC22260B967004D6D12 /* BarabaraGame */ = {
			isa = PBXGroup;
			children = (
				141CFBC32260B967004D6D12 /* AppDelegate.swift */,
				141CFBC52260B967004D6D12 /* ViewController.swift */,
				141CFBC72260B967004D6D12 /* Main.storyboard */,
				141CFBCA2260B96B004D6D12 /* Assets.xcassets */,
				141CFBD52260BB63004D6D12 /* Barabara素材 */,
				141CFBCC2260B96B004D6D12 /* LaunchScreen.storyboard */,
				141CFBCF2260B96B004D6D12 /* Info.plist */,
			);
			path = BarabaraGame;
			sourceTree = "<group>";
		};
		141CFBD52260BB63004D6D12 /* Barabara素材 */ = {
			isa = PBXGroup;
			children = (
				141CFBD62260BB63004D6D12 /* tail.png */,
				141CFBD72260BB63004D6D12 /* bar.png */,
			);
			path = "Barabara素材";
			sourceTree = "<group>";
		};
/* End PBXGroup section */

/* Begin PBXNativeTarget section */
		141CFBBF2260B967004D6D12 /* BarabaraGame */ = {
			isa = PBXNativeTarget;
			buildConfigurationList = 141CFBD22260B96B004D6D12 /* Build configuration list for PBXNativeTarget "BarabaraGame" */;
			buildPhases = (
				141CFBBC2260B967004D6D12 /* Sources */,
				141CFBBD2260B967004D6D12 /* Frameworks */,
				141CFBBE2260B967004D6D12 /* Resources */,
			);
			buildRules = (
			);
			dependencies = (
			);
			name = BarabaraGame;
			productName = BarabaraGame;
			productReference = 141CFBC02260B967004D6D12 /* BarabaraGame.app */;
			productType = "com.apple.product-type.application";
		};
/* End PBXNativeTarget section */

/* Begin PBXProject section */
		141CFBB82260B967004D6D12 /* Project object */ = {
			isa = PBXProject;
			attributes = {
				LastSwiftUpdateCheck = 1020;
				LastUpgradeCheck = 1020;
				ORGANIZATIONNAME = YoshitsuguKambara;
				TargetAttributes = {
					141CFBBF2260B967004D6D12 = {
						CreatedOnToolsVersion = 10.2;
					};
				};
			};
			buildConfigurationList = 141CFBBB2260B967004D6D12 /* Build configuration list for PBXProject "BarabaraGame" */;
			compatibilityVersion = "Xcode 9.3";
			developmentRegion = en;
			hasScannedForEncodings = 0;
			knownRegions = (
				en,
				Base,
			);
			mainGroup = 141CFBB72260B967004D6D12;
			productRefGroup = 141CFBC12260B967004D6D12 /* Products */;
			projectDirPath = "";
			projectRoot = "";
			targets = (
				141CFBBF2260B967004D6D12 /* BarabaraGame */,
			);
		};
/* End PBXProject section */

/* Begin PBXResourcesBuildPhase section */
		141CFBBE2260B967004D6D12 /* Resources */ = {
			isa = PBXResourcesBuildPhase;
			buildActionMask = 2147483647;
			files = (
				141CFBCE2260B96B004D6D12 /* LaunchScreen.storyboard in Resources */,
				141CFBD92260BB63004D6D12 /* bar.png in Resources */,
				141CFBD82260BB63004D6D12 /* tail.png in Resources */,
				141CFBCB2260B96B004D6D12 /* Assets.xcassets in Resources */,
				141CFBC92260B967004D6D12 /* Main.storyboard in Resources */,
			);
			runOnlyForDeploymentPostprocessing = 0;
		};
/* End PBXResourcesBuildPhase section */

/* Begin PBXSourcesBuildPhase section */
		141CFBBC2260B967004D6D12 /* Sources */ = {
			isa = PBXSourcesBuildPhase;
			buildActionMask = 2147483647;
			files = (
				141CFBC62260B967004D6D12 /* ViewController.swift in Sources */,
				141CFBDB2260BE25004D6D12 /* GameViewController.swift in Sources */,
				141CFBC42260B967004D6D12 /* AppDelegate.swift in Sources */,
				141CFBDD2260BE6C004D6D12 /* RankingViewController.swift in Sources */,
			);
			runOnlyForDeploymentPostprocessing = 0;
		};
/* End PBXSourcesBuildPhase section */

/* Begin PBXVariantGroup section */
		141CFBC72260B967004D6D12 /* Main.storyboard */ = {
			isa = PBXVariantGroup;
			children = (
				141CFBC82260B967004D6D12 /* Base */,
			);
			name = Main.storyboard;
			sourceTree = "<group>";
		};
		141CFBCC2260B96B004D6D12 /* LaunchScreen.storyboard */ = {
			isa = PBXVariantGroup;
			children = (
				141CFBCD2260B96B004D6D12 /* Base */,
			);
			name = LaunchScreen.storyboard;
			sourceTree = "<group>";
		};
/* End PBXVariantGroup section */

/* Begin XCBuildConfiguration section */
		141CFBD02260B96B004D6D12 /* Debug */ = {
			isa = XCBuildConfiguration;
			buildSettings = {
				ALWAYS_SEARCH_USER_PATHS = NO;
				CLANG_ANALYZER_NONNULL = YES;
				CLANG_ANALYZER_NUMBER_OBJECT_CONVERSION = YES_AGGRESSIVE;
				CLANG_CXX_LANGUAGE_STANDARD = "gnu++14";
				CLANG_CXX_LIBRARY = "libc++";
				CLANG_ENABLE_MODULES = YES;
				CLANG_ENABLE_OBJC_ARC = YES;
				CLANG_ENABLE_OBJC_WEAK = YES;
				CLANG_WARN_BLOCK_CAPTURE_AUTORELEASING = YES;
				CLANG_WARN_BOOL_CONVERSION = YES;
				CLANG_WARN_COMMA = YES;
				CLANG_WARN_CONSTANT_CONVERSION = YES;
				CLANG_WARN_DEPRECATED_OBJC_IMPLEMENTATIONS = YES;
				CLANG_WARN_DIRECT_OBJC_ISA_USAGE = YES_ERROR;
				CLANG_WARN_DOCUMENTATION_COMMENTS = YES;
				CLANG_WARN_EMPTY_BODY = YES;
				CLANG_WARN_ENUM_CONVERSION = YES;
				CLANG_WARN_INFINITE_RECURSION = YES;
				CLANG_WARN_INT_CONVERSION = YES;
				CLANG_WARN_NON_LITERAL_NULL_CONVERSION = YES;
				CLANG_WARN_OBJC_IMPLICIT_RETAIN_SELF = YES;
				CLANG_WARN_OBJC_LITERAL_CONVERSION = YES;
				CLANG_WARN_OBJC_ROOT_CLASS = YES_ERROR;
				CLANG_WARN_RANGE_LOOP_ANALYSIS = YES;
				CLANG_WARN_STRICT_PROTOTYPES = YES;
				CLANG_WARN_SUSPICIOUS_MOVE = YES;
				CLANG_WARN_UNGUARDED_AVAILABILITY = YES_AGGRESSIVE;
				CLANG_WARN_UNREACHABLE_CODE = YES;
				CLANG_WARN__DUPLICATE_METHOD_MATCH = YES;
				CODE_SIGN_IDENTITY = "iPhone Developer";
				COPY_PHASE_STRIP = NO;
				DEBUG_INFORMATION_FORMAT = dwarf;
				ENABLE_STRICT_OBJC_MSGSEND = YES;
				ENABLE_TESTABILITY = YES;
				GCC_C_LANGUAGE_STANDARD = gnu11;
				GCC_DYNAMIC_NO_PIC = NO;
				GCC_NO_COMMON_BLOCKS = YES;
				GCC_OPTIMIZATION_LEVEL = 0;
				GCC_PREPROCESSOR_DEFINITIONS = (
					"DEBUG=1",
					"$(inherited)",
				);
				GCC_WARN_64_TO_32_BIT_CONVERSION = YES;
				GCC_WARN_ABOUT_RETURN_TYPE = YES_ERROR;
				GCC_WARN_UNDECLARED_SELECTOR = YES;
				GCC_WARN_UNINITIALIZED_AUTOS = YES_AGGRESSIVE;
				GCC_WARN_UNUSED_FUNCTION = YES;
				GCC_WARN_UNUSED_VARIABLE = YES;
				IPHONEOS_DEPLOYMENT_TARGET = 12.2;
				MTL_ENABLE_DEBUG_INFO = INCLUDE_SOURCE;
				MTL_FAST_MATH = YES;
				ONLY_ACTIVE_ARCH = YES;
				SDKROOT = iphoneos;
				SWIFT_ACTIVE_COMPILATION_CONDITIONS = DEBUG;
				SWIFT_OPTIMIZATION_LEVEL = "-Onone";
			};
			name = Debug;
		};
		141CFBD12260B96B004D6D12 /* Release */ = {
			isa = XCBuildConfiguration;
			buildSettings = {
				ALWAYS_SEARCH_USER_PATHS = NO;
				CLANG_ANALYZER_NONNULL = YES;
				CLANG_ANALYZER_NUMBER_OBJECT_CONVERSION = YES_AGGRESSIVE;
				CLANG_CXX_LANGUAGE_STANDARD = "gnu++14";
				CLANG_CXX_LIBRARY = "libc++";
				CLANG_ENABLE_MODULES = YES;
				CLANG_ENABLE_OBJC_ARC = YES;
				CLANG_ENABLE_OBJC_WEAK = YES;
				CLANG_WARN_BLOCK_CAPTURE_AUTORELEASING = YES;
				CLANG_WARN_BOOL_CONVERSION = YES;
				CLANG_WARN_COMMA = YES;
				CLANG_WARN_CONSTANT_CONVERSION = YES;
				CLANG_WARN_DEPRECATED_OBJC_IMPLEMENTATIONS = YES;
				CLANG_WARN_DIRECT_OBJC_ISA_USAGE = YES_ERROR;
				CLANG_WARN_DOCUMENTATION_COMMENTS = YES;
				CLANG_WARN_EMPTY_BODY = YES;
				CLANG_WARN_ENUM_CONVERSION = YES;
				CLANG_WARN_INFINITE_RECURSION = YES;
				CLANG_WARN_INT_CONVERSION = YES;
				CLANG_WARN_NON_LITERAL_NULL_CONVERSION = YES;
				CLANG_WARN_OBJC_IMPLICIT_RETAIN_SELF = YES;
				CLANG_WARN_OBJC_LITERAL_CONVERSION = YES;
				CLANG_WARN_OBJC_ROOT_CLASS = YES_ERROR;
				CLANG_WARN_RANGE_LOOP_ANALYSIS = YES;
				CLANG_WARN_STRICT_PROTOTYPES = YES;
				CLANG_WARN_SUSPICIOUS_MOVE = YES;
				CLANG_WARN_UNGUARDED_AVAILABILITY = YES_AGGRESSIVE;
				CLANG_WARN_UNREACHABLE_CODE = YES;
				CLANG_WARN__DUPLICATE_METHOD_MATCH = YES;
				CODE_SIGN_IDENTITY = "iPhone Developer";
				COPY_PHASE_STRIP = NO;
				DEBUG_INFORMATION_FORMAT = "dwarf-with-dsym";
				ENABLE_NS_ASSERTIONS = NO;
				ENABLE_STRICT_OBJC_MSGSEND = YES;
				GCC_C_LANGUAGE_STANDARD = gnu11;
				GCC_NO_COMMON_BLOCKS = YES;
				GCC_WARN_64_TO_32_BIT_CONVERSION = YES;
				GCC_WARN_ABOUT_RETURN_TYPE = YES_ERROR;
				GCC_WARN_UNDECLARED_SELECTOR = YES;
				GCC_WARN_UNINITIALIZED_AUTOS = YES_AGGRESSIVE;
				GCC_WARN_UNUSED_FUNCTION = YES;
				GCC_WARN_UNUSED_VARIABLE = YES;
				IPHONEOS_DEPLOYMENT_TARGET = 12.2;
				MTL_ENABLE_DEBUG_INFO = NO;
				MTL_FAST_MATH = YES;
				SDKROOT = iphoneos;
				SWIFT_COMPILATION_MODE = wholemodule;
				SWIFT_OPTIMIZATION_LEVEL = "-O";
				VALIDATE_PRODUCT = YES;
			};
			name = Release;
		};
		141CFBD32260B96B004D6D12 /* Debug */ = {
			isa = XCBuildConfiguration;
			buildSettings = {
				ASSETCATALOG_COMPILER_APPICON_NAME = AppIcon;
				CODE_SIGN_STYLE = Automatic;
				DEVELOPMENT_TEAM = WD8VB9S8R7;
				INFOPLIST_FILE = BarabaraGame/Info.plist;
				LD_RUNPATH_SEARCH_PATHS = (
					"$(inherited)",
					"@executable_path/Frameworks",
				);
				PRODUCT_BUNDLE_IDENTIFIER = com.example.someone.BarabaraGame;
				PRODUCT_NAME = "$(TARGET_NAME)";
				SWIFT_VERSION = 5.0;
				TARGETED_DEVICE_FAMILY = "1,2";
			};
			name = Debug;
		};
		141CFBD42260B96B004D6D12 /* Release */ = {
			isa = XCBuildConfiguration;
			buildSettings = {
				ASSETCATALOG_COMPILER_APPICON_NAME = AppIcon;
				CODE_SIGN_STYLE = Automatic;
				DEVELOPMENT_TEAM = WD8VB9S8R7;
				INFOPLIST_FILE = BarabaraGame/Info.plist;
				LD_RUNPATH_SEARCH_PATHS = (
					"$(inherited)",
					"@executable_path/Frameworks",
				);
				PRODUCT_BUNDLE_IDENTIFIER = com.example.someone.BarabaraGame;
				PRODUCT_NAME = "$(TARGET_NAME)";
				SWIFT_VERSION = 5.0;
				TARGETED_DEVICE_FAMILY = "1,2";
			};
			name = Release;
		};
/* End XCBuildConfiguration section */

/* Begin XCConfigurationList section */
		141CFBBB2260B967004D6D12 /* Build configuration list for PBXProject "BarabaraGame" */ = {
			isa = XCConfigurationList;
			buildConfigurations = (
				141CFBD02260B96B004D6D12 /* Debug */,
				141CFBD12260B96B004D6D12 /* Release */,
			);
			defaultConfigurationIsVisible = 0;
			defaultConfigurationName = Release;
		};
		141CFBD22260B96B004D6D12 /* Build configuration list for PBXNativeTarget "BarabaraGame" */ = {
			isa = XCConfigurationList;
			buildConfigurations = (
				141CFBD32260B96B004D6D12 /* Debug */,
				141CFBD42260B96B004D6D12 /* Release */,
			);
			defaultConfigurationIsVisible = 0;
			defaultConfigurationName = Release;
		};
/* End XCConfigurationList section */
	};
	rootObject = 141CFBB82260B967004D6D12 /* Project object */;
}
